
Microsoft Visual Studio Solution File, Format Version 12.00
# Visual Studio 15
VisualStudioVersion = 15.0.28307.1585
MinimumVisualStudioVersion = 10.0.40219.1
Project("{FAE04EC0-301F-11D3-BF4B-00C04F79EFBC}") = "CodingTest", "CodingTest\CodingTest.csproj", "{78B26E34-27BC-4F9E-AEAA-4717BE9EA2EC}"
EndProject
Global
	GlobalSection(SolutionConfigurationPlatforms) = preSolution
		Debug|Any CPU = Debug|Any CPU
		Release|Any CPU = Release|Any CPU
	EndGlobalSection
	GlobalSection(ProjectConfigurationPlatforms) = postSolution
		{78B26E34-27BC-4F9E-AEAA-4717BE9EA2EC}.Debug|Any CPU.ActiveCfg = Debug|Any CPU
		{78B26E34-27BC-4F9E-AEAA-4717BE9EA2EC}.Debug|Any CPU.Build.0 = Debug|Any CPU
		{78B26E34-27BC-4F9E-AEAA-4717BE9EA2EC}.Release|Any CPU.ActiveCfg = Release|Any CPU
		{78B26E34-27BC-4F9E-AEAA-4717BE9EA2EC}.Release|Any CPU.Build.0 = Release|Any CPU
	EndGlobalSection
	GlobalSection(SolutionProperties) = preSolution
		HideSolutionNode = FALSE
	EndGlobalSection
	GlobalSection(ExtensibilityGlobals) = postSolution
		SolutionGuid = {5529A9A3-057C-456A-9336-28D5A99FC920}
	EndGlobalSection
EndGlobal
